# generated by rye
# use `rye lock` or `rye sync` to update this lockfile
#
# last locked with the following flags:
#   pre: false
#   features: []
#   all-features: false
#   with-sources: false

-e file:.
cfgv==3.4.0
distlib==0.3.8
filelock==3.13.1
identify==2.5.33
nodeenv==1.8.0
platformdirs==4.2.0
pre-commit==3.6.0
pyyaml==6.0.1
ruff==0.1.15
virtualenv==20.25.0
# The following packages are considered to be unsafe in a requirements file:
setuptools==69.0.3
